
Microsoft Visual Studio Solution File, Format Version 12.00
# Visual Studio Version 17
VisualStudioVersion = 17.12.35707.178 d17.12
MinimumVisualStudioVersion = 10.0.40219.1
Project("{FAE04EC0-301F-11D3-BF4B-00C04F79EFBC}") = "Uge12_something", "Uge12_something.csproj", "{C8ADE59E-EAC1-4065-841F-FAA0A0FFB870}"
EndProject
Global
	GlobalSection(SolutionConfigurationPlatforms) = preSolution
		Debug|Any CPU = Debug|Any CPU
		Release|Any CPU = Release|Any CPU
	EndGlobalSection
	GlobalSection(ProjectConfigurationPlatforms) = postSolution
		{C8ADE59E-EAC1-4065-841F-FAA0A0FFB870}.Debug|Any CPU.ActiveCfg = Debug|Any CPU
		{C8ADE59E-EAC1-4065-841F-FAA0A0FFB870}.Debug|Any CPU.Build.0 = Debug|Any CPU
		{C8ADE59E-EAC1-4065-841F-FAA0A0FFB870}.Release|Any CPU.ActiveCfg = Release|Any CPU
		{C8ADE59E-EAC1-4065-841F-FAA0A0FFB870}.Release|Any CPU.Build.0 = Release|Any CPU
	EndGlobalSection
	GlobalSection(SolutionProperties) = preSolution
		HideSolutionNode = FALSE
	EndGlobalSection
EndGlobal
